<Solution>
  <Project Path="WorkoutPlanner.Api.Contracts/WorkoutPlanner.Api.Contracts.csproj" />
  <Project Path="WorkoutPlanner.Domain/WorkoutPlanner.Domain.csproj" />
  <Project Path="WorkoutPlanner.Web/WorkoutPlanner.Web.csproj" />
  <Project Path="WorkoutPlanner.Web.Tests/WorkoutPlanner.Web.Tests.csproj" />
</Solution>
